
Microsoft Visual Studio Solution File, Format Version 12.00
# Visual Studio 15
VisualStudioVersion = 15.0.26124.0
MinimumVisualStudioVersion = 15.0.26124.0
Project("{2150E333-8FDC-42A3-9474-1A3956D46DE8}") = "src", "src", "{098155D3-5DE6-4DF1-A6F0-5AB763421EA4}"
EndProject
Project("{FAE04EC0-301F-11D3-BF4B-00C04F79EFBC}") = "Web", "src\Web\Web.csproj", "{DB6A8673-1CBB-47EC-9EAC-C258C8C556B0}"
EndProject
Project("{FAE04EC0-301F-11D3-BF4B-00C04F79EFBC}") = "Infrastructure", "src\Infrastructure\Infrastructure.csproj", "{BE031085-6A6E-4AC3-8FFB-04DB46929787}"
EndProject
Project("{FAE04EC0-301F-11D3-BF4B-00C04F79EFBC}") = "ApplicationCore", "src\ApplicationCore\ApplicationCore.csproj", "{A89500A0-E3C4-4A5E-A067-636F11872F9A}"
EndProject
Project("{2150E333-8FDC-42A3-9474-1A3956D46DE8}") = "tests", "tests", "{7C45CDFE-B143-44BF-B76A-9218FCA95BF5}"
EndProject
Project("{FAE04EC0-301F-11D3-BF4B-00C04F79EFBC}") = "PostRepositoryTests", "tests\UnitTests\PostRepositoryTests.csproj", "{066B03A0-3AB2-4DA0-8B99-7F50DDF72C82}"
EndProject
Global
	GlobalSection(SolutionProperties) = preSolution
		HideSolutionNode = FALSE
	EndGlobalSection
	GlobalSection(SolutionConfigurationPlatforms) = preSolution
		Debug|Any CPU = Debug|Any CPU
		Debug|x64 = Debug|x64
		Debug|x86 = Debug|x86
		Release|Any CPU = Release|Any CPU
		Release|x64 = Release|x64
		Release|x86 = Release|x86
	EndGlobalSection
	GlobalSection(ProjectConfigurationPlatforms) = postSolution
		{DB6A8673-1CBB-47EC-9EAC-C258C8C556B0}.Debug|Any CPU.ActiveCfg = Debug|Any CPU
		{DB6A8673-1CBB-47EC-9EAC-C258C8C556B0}.Debug|Any CPU.Build.0 = Debug|Any CPU
		{DB6A8673-1CBB-47EC-9EAC-C258C8C556B0}.Debug|x64.ActiveCfg = Debug|Any CPU
		{DB6A8673-1CBB-47EC-9EAC-C258C8C556B0}.Debug|x64.Build.0 = Debug|Any CPU
		{DB6A8673-1CBB-47EC-9EAC-C258C8C556B0}.Debug|x86.ActiveCfg = Debug|Any CPU
		{DB6A8673-1CBB-47EC-9EAC-C258C8C556B0}.Debug|x86.Build.0 = Debug|Any CPU
		{DB6A8673-1CBB-47EC-9EAC-C258C8C556B0}.Release|Any CPU.ActiveCfg = Release|Any CPU
		{DB6A8673-1CBB-47EC-9EAC-C258C8C556B0}.Release|Any CPU.Build.0 = Release|Any CPU
		{DB6A8673-1CBB-47EC-9EAC-C258C8C556B0}.Release|x64.ActiveCfg = Release|Any CPU
		{DB6A8673-1CBB-47EC-9EAC-C258C8C556B0}.Release|x64.Build.0 = Release|Any CPU
		{DB6A8673-1CBB-47EC-9EAC-C258C8C556B0}.Release|x86.ActiveCfg = Release|Any CPU
		{DB6A8673-1CBB-47EC-9EAC-C258C8C556B0}.Release|x86.Build.0 = Release|Any CPU
		{BE031085-6A6E-4AC3-8FFB-04DB46929787}.Debug|Any CPU.ActiveCfg = Debug|Any CPU
		{BE031085-6A6E-4AC3-8FFB-04DB46929787}.Debug|Any CPU.Build.0 = Debug|Any CPU
		{BE031085-6A6E-4AC3-8FFB-04DB46929787}.Debug|x64.ActiveCfg = Debug|Any CPU
		{BE031085-6A6E-4AC3-8FFB-04DB46929787}.Debug|x64.Build.0 = Debug|Any CPU
		{BE031085-6A6E-4AC3-8FFB-04DB46929787}.Debug|x86.ActiveCfg = Debug|Any CPU
		{BE031085-6A6E-4AC3-8FFB-04DB46929787}.Debug|x86.Build.0 = Debug|Any CPU
		{BE031085-6A6E-4AC3-8FFB-04DB46929787}.Release|Any CPU.ActiveCfg = Release|Any CPU
		{BE031085-6A6E-4AC3-8FFB-04DB46929787}.Release|Any CPU.Build.0 = Release|Any CPU
		{BE031085-6A6E-4AC3-8FFB-04DB46929787}.Release|x64.ActiveCfg = Release|Any CPU
		{BE031085-6A6E-4AC3-8FFB-04DB46929787}.Release|x64.Build.0 = Release|Any CPU
		{BE031085-6A6E-4AC3-8FFB-04DB46929787}.Release|x86.ActiveCfg = Release|Any CPU
		{BE031085-6A6E-4AC3-8FFB-04DB46929787}.Release|x86.Build.0 = Release|Any CPU
		{A89500A0-E3C4-4A5E-A067-636F11872F9A}.Debug|Any CPU.ActiveCfg = Debug|Any CPU
		{A89500A0-E3C4-4A5E-A067-636F11872F9A}.Debug|Any CPU.Build.0 = Debug|Any CPU
		{A89500A0-E3C4-4A5E-A067-636F11872F9A}.Debug|x64.ActiveCfg = Debug|Any CPU
		{A89500A0-E3C4-4A5E-A067-636F11872F9A}.Debug|x64.Build.0 = Debug|Any CPU
		{A89500A0-E3C4-4A5E-A067-636F11872F9A}.Debug|x86.ActiveCfg = Debug|Any CPU
		{A89500A0-E3C4-4A5E-A067-636F11872F9A}.Debug|x86.Build.0 = Debug|Any CPU
		{A89500A0-E3C4-4A5E-A067-636F11872F9A}.Release|Any CPU.ActiveCfg = Release|Any CPU
		{A89500A0-E3C4-4A5E-A067-636F11872F9A}.Release|Any CPU.Build.0 = Release|Any CPU
		{A89500A0-E3C4-4A5E-A067-636F11872F9A}.Release|x64.ActiveCfg = Release|Any CPU
		{A89500A0-E3C4-4A5E-A067-636F11872F9A}.Release|x64.Build.0 = Release|Any CPU
		{A89500A0-E3C4-4A5E-A067-636F11872F9A}.Release|x86.ActiveCfg = Release|Any CPU
		{A89500A0-E3C4-4A5E-A067-636F11872F9A}.Release|x86.Build.0 = Release|Any CPU
		{066B03A0-3AB2-4DA0-8B99-7F50DDF72C82}.Debug|Any CPU.ActiveCfg = Debug|Any CPU
		{066B03A0-3AB2-4DA0-8B99-7F50DDF72C82}.Debug|Any CPU.Build.0 = Debug|Any CPU
		{066B03A0-3AB2-4DA0-8B99-7F50DDF72C82}.Debug|x64.ActiveCfg = Debug|Any CPU
		{066B03A0-3AB2-4DA0-8B99-7F50DDF72C82}.Debug|x64.Build.0 = Debug|Any CPU
		{066B03A0-3AB2-4DA0-8B99-7F50DDF72C82}.Debug|x86.ActiveCfg = Debug|Any CPU
		{066B03A0-3AB2-4DA0-8B99-7F50DDF72C82}.Debug|x86.Build.0 = Debug|Any CPU
		{066B03A0-3AB2-4DA0-8B99-7F50DDF72C82}.Release|Any CPU.ActiveCfg = Release|Any CPU
		{066B03A0-3AB2-4DA0-8B99-7F50DDF72C82}.Release|Any CPU.Build.0 = Release|Any CPU
		{066B03A0-3AB2-4DA0-8B99-7F50DDF72C82}.Release|x64.ActiveCfg = Release|Any CPU
		{066B03A0-3AB2-4DA0-8B99-7F50DDF72C82}.Release|x64.Build.0 = Release|Any CPU
		{066B03A0-3AB2-4DA0-8B99-7F50DDF72C82}.Release|x86.ActiveCfg = Release|Any CPU
		{066B03A0-3AB2-4DA0-8B99-7F50DDF72C82}.Release|x86.Build.0 = Release|Any CPU
	EndGlobalSection
	GlobalSection(NestedProjects) = preSolution
		{DB6A8673-1CBB-47EC-9EAC-C258C8C556B0} = {098155D3-5DE6-4DF1-A6F0-5AB763421EA4}
		{BE031085-6A6E-4AC3-8FFB-04DB46929787} = {098155D3-5DE6-4DF1-A6F0-5AB763421EA4}
		{A89500A0-E3C4-4A5E-A067-636F11872F9A} = {098155D3-5DE6-4DF1-A6F0-5AB763421EA4}
		{066B03A0-3AB2-4DA0-8B99-7F50DDF72C82} = {7C45CDFE-B143-44BF-B76A-9218FCA95BF5}
	EndGlobalSection
EndGlobal
