
Microsoft Visual Studio Solution File, Format Version 12.00
# Visual Studio Version 16
VisualStudioVersion = 16.0.29806.167
MinimumVisualStudioVersion = 15.0.26124.0
Project("{2150E333-8FDC-42A3-9474-1A3956D46DE8}") = "src", "src", "{098155D3-5DE6-4DF1-A6F0-5AB763421EA4}"
EndProject
Project("{9A19103F-16F7-4668-BE54-9A1E7A4F7556}") = "Web", "src\Web\Web.csproj", "{DB6A8673-1CBB-47EC-9EAC-C258C8C556B0}"
EndProject
Project("{9A19103F-16F7-4668-BE54-9A1E7A4F7556}") = "Infrastructure", "src\Infrastructure\Infrastructure.csproj", "{BE031085-6A6E-4AC3-8FFB-04DB46929787}"
EndProject
Project("{9A19103F-16F7-4668-BE54-9A1E7A4F7556}") = "ApplicationCore", "src\ApplicationCore\ApplicationCore.csproj", "{A89500A0-E3C4-4A5E-A067-636F11872F9A}"
EndProject
Project("{2150E333-8FDC-42A3-9474-1A3956D46DE8}") = "tests", "tests", "{7C45CDFE-B143-44BF-B76A-9218FCA95BF5}"
EndProject
Project("{2150E333-8FDC-42A3-9474-1A3956D46DE8}") = "UnitTests", "UnitTests", "{4A5F0A39-743C-4AFA-833B-9FDA5F72FE8F}"
EndProject
Project("{FAE04EC0-301F-11D3-BF4B-00C04F79EFBC}") = "PostRepositoryTests", "tests\UnitTests\PostRepositoryTests\PostRepositoryTests.csproj", "{5DC50349-FB97-4C65-B32D-C0EC44180E17}"
EndProject
Project("{FAE04EC0-301F-11D3-BF4B-00C04F79EFBC}") = "UserControllerTests", "tests\UnitTests\UserControllerTests\UserControllerTests.csproj", "{B1D0005C-BF8D-4155-864D-6C32CE3BE6B6}"
EndProject
Project("{FAE04EC0-301F-11D3-BF4B-00C04F79EFBC}") = "UserRepositoryTests", "tests\UnitTests\UserRepositoryTests\UserRepositoryTests.csproj", "{1BB565F0-4706-4AEC-8337-1EBB6D7DAD05}"
EndProject
Global
	GlobalSection(SolutionConfigurationPlatforms) = preSolution
		Debug|Any CPU = Debug|Any CPU
		Debug|x64 = Debug|x64
		Debug|x86 = Debug|x86
		Release|Any CPU = Release|Any CPU
		Release|x64 = Release|x64
		Release|x86 = Release|x86
	EndGlobalSection
	GlobalSection(ProjectConfigurationPlatforms) = postSolution
		{DB6A8673-1CBB-47EC-9EAC-C258C8C556B0}.Debug|Any CPU.ActiveCfg = Debug|Any CPU
		{DB6A8673-1CBB-47EC-9EAC-C258C8C556B0}.Debug|Any CPU.Build.0 = Debug|Any CPU
		{DB6A8673-1CBB-47EC-9EAC-C258C8C556B0}.Debug|x64.ActiveCfg = Debug|Any CPU
		{DB6A8673-1CBB-47EC-9EAC-C258C8C556B0}.Debug|x64.Build.0 = Debug|Any CPU
		{DB6A8673-1CBB-47EC-9EAC-C258C8C556B0}.Debug|x86.ActiveCfg = Debug|Any CPU
		{DB6A8673-1CBB-47EC-9EAC-C258C8C556B0}.Debug|x86.Build.0 = Debug|Any CPU
		{DB6A8673-1CBB-47EC-9EAC-C258C8C556B0}.Release|Any CPU.ActiveCfg = Release|Any CPU
		{DB6A8673-1CBB-47EC-9EAC-C258C8C556B0}.Release|Any CPU.Build.0 = Release|Any CPU
		{DB6A8673-1CBB-47EC-9EAC-C258C8C556B0}.Release|x64.ActiveCfg = Release|Any CPU
		{DB6A8673-1CBB-47EC-9EAC-C258C8C556B0}.Release|x64.Build.0 = Release|Any CPU
		{DB6A8673-1CBB-47EC-9EAC-C258C8C556B0}.Release|x86.ActiveCfg = Release|Any CPU
		{DB6A8673-1CBB-47EC-9EAC-C258C8C556B0}.Release|x86.Build.0 = Release|Any CPU
		{BE031085-6A6E-4AC3-8FFB-04DB46929787}.Debug|Any CPU.ActiveCfg = Debug|Any CPU
		{BE031085-6A6E-4AC3-8FFB-04DB46929787}.Debug|Any CPU.Build.0 = Debug|Any CPU
		{BE031085-6A6E-4AC3-8FFB-04DB46929787}.Debug|x64.ActiveCfg = Debug|Any CPU
		{BE031085-6A6E-4AC3-8FFB-04DB46929787}.Debug|x64.Build.0 = Debug|Any CPU
		{BE031085-6A6E-4AC3-8FFB-04DB46929787}.Debug|x86.ActiveCfg = Debug|Any CPU
		{BE031085-6A6E-4AC3-8FFB-04DB46929787}.Debug|x86.Build.0 = Debug|Any CPU
		{BE031085-6A6E-4AC3-8FFB-04DB46929787}.Release|Any CPU.ActiveCfg = Release|Any CPU
		{BE031085-6A6E-4AC3-8FFB-04DB46929787}.Release|Any CPU.Build.0 = Release|Any CPU
		{BE031085-6A6E-4AC3-8FFB-04DB46929787}.Release|x64.ActiveCfg = Release|Any CPU
		{BE031085-6A6E-4AC3-8FFB-04DB46929787}.Release|x64.Build.0 = Release|Any CPU
		{BE031085-6A6E-4AC3-8FFB-04DB46929787}.Release|x86.ActiveCfg = Release|Any CPU
		{BE031085-6A6E-4AC3-8FFB-04DB46929787}.Release|x86.Build.0 = Release|Any CPU
		{A89500A0-E3C4-4A5E-A067-636F11872F9A}.Debug|Any CPU.ActiveCfg = Debug|Any CPU
		{A89500A0-E3C4-4A5E-A067-636F11872F9A}.Debug|Any CPU.Build.0 = Debug|Any CPU
		{A89500A0-E3C4-4A5E-A067-636F11872F9A}.Debug|x64.ActiveCfg = Debug|Any CPU
		{A89500A0-E3C4-4A5E-A067-636F11872F9A}.Debug|x64.Build.0 = Debug|Any CPU
		{A89500A0-E3C4-4A5E-A067-636F11872F9A}.Debug|x86.ActiveCfg = Debug|Any CPU
		{A89500A0-E3C4-4A5E-A067-636F11872F9A}.Debug|x86.Build.0 = Debug|Any CPU
		{A89500A0-E3C4-4A5E-A067-636F11872F9A}.Release|Any CPU.ActiveCfg = Release|Any CPU
		{A89500A0-E3C4-4A5E-A067-636F11872F9A}.Release|Any CPU.Build.0 = Release|Any CPU
		{A89500A0-E3C4-4A5E-A067-636F11872F9A}.Release|x64.ActiveCfg = Release|Any CPU
		{A89500A0-E3C4-4A5E-A067-636F11872F9A}.Release|x64.Build.0 = Release|Any CPU
		{A89500A0-E3C4-4A5E-A067-636F11872F9A}.Release|x86.ActiveCfg = Release|Any CPU
		{A89500A0-E3C4-4A5E-A067-636F11872F9A}.Release|x86.Build.0 = Release|Any CPU
		{5DC50349-FB97-4C65-B32D-C0EC44180E17}.Debug|Any CPU.ActiveCfg = Debug|Any CPU
		{5DC50349-FB97-4C65-B32D-C0EC44180E17}.Debug|Any CPU.Build.0 = Debug|Any CPU
		{5DC50349-FB97-4C65-B32D-C0EC44180E17}.Debug|x64.ActiveCfg = Debug|Any CPU
		{5DC50349-FB97-4C65-B32D-C0EC44180E17}.Debug|x64.Build.0 = Debug|Any CPU
		{5DC50349-FB97-4C65-B32D-C0EC44180E17}.Debug|x86.ActiveCfg = Debug|Any CPU
		{5DC50349-FB97-4C65-B32D-C0EC44180E17}.Debug|x86.Build.0 = Debug|Any CPU
		{5DC50349-FB97-4C65-B32D-C0EC44180E17}.Release|Any CPU.ActiveCfg = Release|Any CPU
		{5DC50349-FB97-4C65-B32D-C0EC44180E17}.Release|Any CPU.Build.0 = Release|Any CPU
		{5DC50349-FB97-4C65-B32D-C0EC44180E17}.Release|x64.ActiveCfg = Release|Any CPU
		{5DC50349-FB97-4C65-B32D-C0EC44180E17}.Release|x64.Build.0 = Release|Any CPU
		{5DC50349-FB97-4C65-B32D-C0EC44180E17}.Release|x86.ActiveCfg = Release|Any CPU
		{5DC50349-FB97-4C65-B32D-C0EC44180E17}.Release|x86.Build.0 = Release|Any CPU
		{B1D0005C-BF8D-4155-864D-6C32CE3BE6B6}.Debug|Any CPU.ActiveCfg = Debug|Any CPU
		{B1D0005C-BF8D-4155-864D-6C32CE3BE6B6}.Debug|Any CPU.Build.0 = Debug|Any CPU
		{B1D0005C-BF8D-4155-864D-6C32CE3BE6B6}.Debug|x64.ActiveCfg = Debug|Any CPU
		{B1D0005C-BF8D-4155-864D-6C32CE3BE6B6}.Debug|x64.Build.0 = Debug|Any CPU
		{B1D0005C-BF8D-4155-864D-6C32CE3BE6B6}.Debug|x86.ActiveCfg = Debug|Any CPU
		{B1D0005C-BF8D-4155-864D-6C32CE3BE6B6}.Debug|x86.Build.0 = Debug|Any CPU
		{B1D0005C-BF8D-4155-864D-6C32CE3BE6B6}.Release|Any CPU.ActiveCfg = Release|Any CPU
		{B1D0005C-BF8D-4155-864D-6C32CE3BE6B6}.Release|Any CPU.Build.0 = Release|Any CPU
		{B1D0005C-BF8D-4155-864D-6C32CE3BE6B6}.Release|x64.ActiveCfg = Release|Any CPU
		{B1D0005C-BF8D-4155-864D-6C32CE3BE6B6}.Release|x64.Build.0 = Release|Any CPU
		{B1D0005C-BF8D-4155-864D-6C32CE3BE6B6}.Release|x86.ActiveCfg = Release|Any CPU
		{B1D0005C-BF8D-4155-864D-6C32CE3BE6B6}.Release|x86.Build.0 = Release|Any CPU
		{1BB565F0-4706-4AEC-8337-1EBB6D7DAD05}.Debug|Any CPU.ActiveCfg = Debug|Any CPU
		{1BB565F0-4706-4AEC-8337-1EBB6D7DAD05}.Debug|Any CPU.Build.0 = Debug|Any CPU
		{1BB565F0-4706-4AEC-8337-1EBB6D7DAD05}.Debug|x64.ActiveCfg = Debug|Any CPU
		{1BB565F0-4706-4AEC-8337-1EBB6D7DAD05}.Debug|x64.Build.0 = Debug|Any CPU
		{1BB565F0-4706-4AEC-8337-1EBB6D7DAD05}.Debug|x86.ActiveCfg = Debug|Any CPU
		{1BB565F0-4706-4AEC-8337-1EBB6D7DAD05}.Debug|x86.Build.0 = Debug|Any CPU
		{1BB565F0-4706-4AEC-8337-1EBB6D7DAD05}.Release|Any CPU.ActiveCfg = Release|Any CPU
		{1BB565F0-4706-4AEC-8337-1EBB6D7DAD05}.Release|Any CPU.Build.0 = Release|Any CPU
		{1BB565F0-4706-4AEC-8337-1EBB6D7DAD05}.Release|x64.ActiveCfg = Release|Any CPU
		{1BB565F0-4706-4AEC-8337-1EBB6D7DAD05}.Release|x64.Build.0 = Release|Any CPU
		{1BB565F0-4706-4AEC-8337-1EBB6D7DAD05}.Release|x86.ActiveCfg = Release|Any CPU
		{1BB565F0-4706-4AEC-8337-1EBB6D7DAD05}.Release|x86.Build.0 = Release|Any CPU
	EndGlobalSection
	GlobalSection(SolutionProperties) = preSolution
		HideSolutionNode = FALSE
	EndGlobalSection
	GlobalSection(NestedProjects) = preSolution
		{DB6A8673-1CBB-47EC-9EAC-C258C8C556B0} = {098155D3-5DE6-4DF1-A6F0-5AB763421EA4}
		{BE031085-6A6E-4AC3-8FFB-04DB46929787} = {098155D3-5DE6-4DF1-A6F0-5AB763421EA4}
		{A89500A0-E3C4-4A5E-A067-636F11872F9A} = {098155D3-5DE6-4DF1-A6F0-5AB763421EA4}
		{4A5F0A39-743C-4AFA-833B-9FDA5F72FE8F} = {7C45CDFE-B143-44BF-B76A-9218FCA95BF5}
		{5DC50349-FB97-4C65-B32D-C0EC44180E17} = {4A5F0A39-743C-4AFA-833B-9FDA5F72FE8F}
		{B1D0005C-BF8D-4155-864D-6C32CE3BE6B6} = {4A5F0A39-743C-4AFA-833B-9FDA5F72FE8F}
		{1BB565F0-4706-4AEC-8337-1EBB6D7DAD05} = {4A5F0A39-743C-4AFA-833B-9FDA5F72FE8F}
	EndGlobalSection
	GlobalSection(ExtensibilityGlobals) = postSolution
		SolutionGuid = {133D0F2D-55AE-4E9A-97ED-80B4E5B5AC96}
	EndGlobalSection
EndGlobal
